
Microsoft Visual Studio Solution File, Format Version 12.00
# Visual Studio Version 16
VisualStudioVersion = 16.0.30320.27
MinimumVisualStudioVersion = 10.0.40219.1
Project("{FAE04EC0-301F-11D3-BF4B-00C04F79EFBC}") = "ShellTest.UWP", "ShellTest\ShellTest.UWP\ShellTest.UWP.csproj", "{D7A1AC58-4EB0-4A4D-AE9C-E059B37274FB}"
EndProject
Project("{FAE04EC0-301F-11D3-BF4B-00C04F79EFBC}") = "ShellTest.Android", "ShellTest\ShellTest.Android\ShellTest.Android.csproj", "{49E3BB98-F072-4160-B068-855E24448AB6}"
EndProject
Project("{FAE04EC0-301F-11D3-BF4B-00C04F79EFBC}") = "ShellTest.iOS", "ShellTest\ShellTest.iOS\ShellTest.iOS.csproj", "{1F17033D-A331-4541-B248-04F12A3D4CFD}"
EndProject
Project("{FAE04EC0-301F-11D3-BF4B-00C04F79EFBC}") = "ShellTest", "ShellTest\ShellTest\ShellTest.csproj", "{0B195F82-62DC-473C-BF48-A3D4C65CA1C5}"
EndProject
Global
	GlobalSection(SolutionConfigurationPlatforms) = preSolution
		Debug|Any CPU = Debug|Any CPU
		Debug|ARM = Debug|ARM
		Debug|iPhone = Debug|iPhone
		Debug|iPhoneSimulator = Debug|iPhoneSimulator
		Debug|x64 = Debug|x64
		Debug|x86 = Debug|x86
		Release|Any CPU = Release|Any CPU
		Release|ARM = Release|ARM
		Release|iPhone = Release|iPhone
		Release|iPhoneSimulator = Release|iPhoneSimulator
		Release|x64 = Release|x64
		Release|x86 = Release|x86
	EndGlobalSection
	GlobalSection(ProjectConfigurationPlatforms) = postSolution
		{D7A1AC58-4EB0-4A4D-AE9C-E059B37274FB}.Debug|Any CPU.ActiveCfg = Debug|x86
		{D7A1AC58-4EB0-4A4D-AE9C-E059B37274FB}.Debug|Any CPU.Build.0 = Debug|x86
		{D7A1AC58-4EB0-4A4D-AE9C-E059B37274FB}.Debug|Any CPU.Deploy.0 = Debug|x86
		{D7A1AC58-4EB0-4A4D-AE9C-E059B37274FB}.Debug|ARM.ActiveCfg = Debug|ARM
		{D7A1AC58-4EB0-4A4D-AE9C-E059B37274FB}.Debug|ARM.Build.0 = Debug|ARM
		{D7A1AC58-4EB0-4A4D-AE9C-E059B37274FB}.Debug|ARM.Deploy.0 = Debug|ARM
		{D7A1AC58-4EB0-4A4D-AE9C-E059B37274FB}.Debug|iPhone.ActiveCfg = Debug|x86
		{D7A1AC58-4EB0-4A4D-AE9C-E059B37274FB}.Debug|iPhone.Build.0 = Debug|x86
		{D7A1AC58-4EB0-4A4D-AE9C-E059B37274FB}.Debug|iPhone.Deploy.0 = Debug|x86
		{D7A1AC58-4EB0-4A4D-AE9C-E059B37274FB}.Debug|iPhoneSimulator.ActiveCfg = Debug|x86
		{D7A1AC58-4EB0-4A4D-AE9C-E059B37274FB}.Debug|iPhoneSimulator.Build.0 = Debug|x86
		{D7A1AC58-4EB0-4A4D-AE9C-E059B37274FB}.Debug|iPhoneSimulator.Deploy.0 = Debug|x86
		{D7A1AC58-4EB0-4A4D-AE9C-E059B37274FB}.Debug|x64.ActiveCfg = Debug|x64
		{D7A1AC58-4EB0-4A4D-AE9C-E059B37274FB}.Debug|x64.Build.0 = Debug|x64
		{D7A1AC58-4EB0-4A4D-AE9C-E059B37274FB}.Debug|x64.Deploy.0 = Debug|x64
		{D7A1AC58-4EB0-4A4D-AE9C-E059B37274FB}.Debug|x86.ActiveCfg = Debug|x86
		{D7A1AC58-4EB0-4A4D-AE9C-E059B37274FB}.Debug|x86.Build.0 = Debug|x86
		{D7A1AC58-4EB0-4A4D-AE9C-E059B37274FB}.Debug|x86.Deploy.0 = Debug|x86
		{D7A1AC58-4EB0-4A4D-AE9C-E059B37274FB}.Release|Any CPU.ActiveCfg = Release|x86
		{D7A1AC58-4EB0-4A4D-AE9C-E059B37274FB}.Release|Any CPU.Build.0 = Release|x86
		{D7A1AC58-4EB0-4A4D-AE9C-E059B37274FB}.Release|Any CPU.Deploy.0 = Release|x86
		{D7A1AC58-4EB0-4A4D-AE9C-E059B37274FB}.Release|ARM.ActiveCfg = Release|ARM
		{D7A1AC58-4EB0-4A4D-AE9C-E059B37274FB}.Release|ARM.Build.0 = Release|ARM
		{D7A1AC58-4EB0-4A4D-AE9C-E059B37274FB}.Release|ARM.Deploy.0 = Release|ARM
		{D7A1AC58-4EB0-4A4D-AE9C-E059B37274FB}.Release|iPhone.ActiveCfg = Release|x86
		{D7A1AC58-4EB0-4A4D-AE9C-E059B37274FB}.Release|iPhone.Build.0 = Release|x86
		{D7A1AC58-4EB0-4A4D-AE9C-E059B37274FB}.Release|iPhone.Deploy.0 = Release|x86
		{D7A1AC58-4EB0-4A4D-AE9C-E059B37274FB}.Release|iPhoneSimulator.ActiveCfg = Release|x86
		{D7A1AC58-4EB0-4A4D-AE9C-E059B37274FB}.Release|iPhoneSimulator.Build.0 = Release|x86
		{D7A1AC58-4EB0-4A4D-AE9C-E059B37274FB}.Release|iPhoneSimulator.Deploy.0 = Release|x86
		{D7A1AC58-4EB0-4A4D-AE9C-E059B37274FB}.Release|x64.ActiveCfg = Release|x64
		{D7A1AC58-4EB0-4A4D-AE9C-E059B37274FB}.Release|x64.Build.0 = Release|x64
		{D7A1AC58-4EB0-4A4D-AE9C-E059B37274FB}.Release|x64.Deploy.0 = Release|x64
		{D7A1AC58-4EB0-4A4D-AE9C-E059B37274FB}.Release|x86.ActiveCfg = Release|x86
		{D7A1AC58-4EB0-4A4D-AE9C-E059B37274FB}.Release|x86.Build.0 = Release|x86
		{D7A1AC58-4EB0-4A4D-AE9C-E059B37274FB}.Release|x86.Deploy.0 = Release|x86
		{49E3BB98-F072-4160-B068-855E24448AB6}.Debug|Any CPU.ActiveCfg = Debug|Any CPU
		{49E3BB98-F072-4160-B068-855E24448AB6}.Debug|Any CPU.Build.0 = Debug|Any CPU
		{49E3BB98-F072-4160-B068-855E24448AB6}.Debug|Any CPU.Deploy.0 = Debug|Any CPU
		{49E3BB98-F072-4160-B068-855E24448AB6}.Debug|ARM.ActiveCfg = Debug|Any CPU
		{49E3BB98-F072-4160-B068-855E24448AB6}.Debug|ARM.Build.0 = Debug|Any CPU
		{49E3BB98-F072-4160-B068-855E24448AB6}.Debug|ARM.Deploy.0 = Debug|Any CPU
		{49E3BB98-F072-4160-B068-855E24448AB6}.Debug|iPhone.ActiveCfg = Debug|Any CPU
		{49E3BB98-F072-4160-B068-855E24448AB6}.Debug|iPhone.Build.0 = Debug|Any CPU
		{49E3BB98-F072-4160-B068-855E24448AB6}.Debug|iPhone.Deploy.0 = Debug|Any CPU
		{49E3BB98-F072-4160-B068-855E24448AB6}.Debug|iPhoneSimulator.ActiveCfg = Debug|Any CPU
		{49E3BB98-F072-4160-B068-855E24448AB6}.Debug|iPhoneSimulator.Build.0 = Debug|Any CPU
		{49E3BB98-F072-4160-B068-855E24448AB6}.Debug|iPhoneSimulator.Deploy.0 = Debug|Any CPU
		{49E3BB98-F072-4160-B068-855E24448AB6}.Debug|x64.ActiveCfg = Debug|Any CPU
		{49E3BB98-F072-4160-B068-855E24448AB6}.Debug|x64.Build.0 = Debug|Any CPU
		{49E3BB98-F072-4160-B068-855E24448AB6}.Debug|x64.Deploy.0 = Debug|Any CPU
		{49E3BB98-F072-4160-B068-855E24448AB6}.Debug|x86.ActiveCfg = Debug|Any CPU
		{49E3BB98-F072-4160-B068-855E24448AB6}.Debug|x86.Build.0 = Debug|Any CPU
		{49E3BB98-F072-4160-B068-855E24448AB6}.Debug|x86.Deploy.0 = Debug|Any CPU
		{49E3BB98-F072-4160-B068-855E24448AB6}.Release|Any CPU.ActiveCfg = Release|Any CPU
		{49E3BB98-F072-4160-B068-855E24448AB6}.Release|Any CPU.Build.0 = Release|Any CPU
		{49E3BB98-F072-4160-B068-855E24448AB6}.Release|Any CPU.Deploy.0 = Release|Any CPU
		{49E3BB98-F072-4160-B068-855E24448AB6}.Release|ARM.ActiveCfg = Release|Any CPU
		{49E3BB98-F072-4160-B068-855E24448AB6}.Release|ARM.Build.0 = Release|Any CPU
		{49E3BB98-F072-4160-B068-855E24448AB6}.Release|ARM.Deploy.0 = Release|Any CPU
		{49E3BB98-F072-4160-B068-855E24448AB6}.Release|iPhone.ActiveCfg = Release|Any CPU
		{49E3BB98-F072-4160-B068-855E24448AB6}.Release|iPhone.Build.0 = Release|Any CPU
		{49E3BB98-F072-4160-B068-855E24448AB6}.Release|iPhone.Deploy.0 = Release|Any CPU
		{49E3BB98-F072-4160-B068-855E24448AB6}.Release|iPhoneSimulator.ActiveCfg = Release|Any CPU
		{49E3BB98-F072-4160-B068-855E24448AB6}.Release|iPhoneSimulator.Build.0 = Release|Any CPU
		{49E3BB98-F072-4160-B068-855E24448AB6}.Release|iPhoneSimulator.Deploy.0 = Release|Any CPU
		{49E3BB98-F072-4160-B068-855E24448AB6}.Release|x64.ActiveCfg = Release|Any CPU
		{49E3BB98-F072-4160-B068-855E24448AB6}.Release|x64.Build.0 = Release|Any CPU
		{49E3BB98-F072-4160-B068-855E24448AB6}.Release|x64.Deploy.0 = Release|Any CPU
		{49E3BB98-F072-4160-B068-855E24448AB6}.Release|x86.ActiveCfg = Release|Any CPU
		{49E3BB98-F072-4160-B068-855E24448AB6}.Release|x86.Build.0 = Release|Any CPU
		{49E3BB98-F072-4160-B068-855E24448AB6}.Release|x86.Deploy.0 = Release|Any CPU
		{1F17033D-A331-4541-B248-04F12A3D4CFD}.Debug|Any CPU.ActiveCfg = Debug|iPhone
		{1F17033D-A331-4541-B248-04F12A3D4CFD}.Debug|Any CPU.Build.0 = Debug|iPhone
		{1F17033D-A331-4541-B248-04F12A3D4CFD}.Debug|Any CPU.Deploy.0 = Debug|iPhone
		{1F17033D-A331-4541-B248-04F12A3D4CFD}.Debug|ARM.ActiveCfg = Debug|iPhone
		{1F17033D-A331-4541-B248-04F12A3D4CFD}.Debug|ARM.Build.0 = Debug|iPhone
		{1F17033D-A331-4541-B248-04F12A3D4CFD}.Debug|ARM.Deploy.0 = Debug|iPhone
		{1F17033D-A331-4541-B248-04F12A3D4CFD}.Debug|iPhone.ActiveCfg = Debug|iPhone
		{1F17033D-A331-4541-B248-04F12A3D4CFD}.Debug|iPhone.Build.0 = Debug|iPhone
		{1F17033D-A331-4541-B248-04F12A3D4CFD}.Debug|iPhone.Deploy.0 = Debug|iPhone
		{1F17033D-A331-4541-B248-04F12A3D4CFD}.Debug|iPhoneSimulator.ActiveCfg = Debug|iPhoneSimulator
		{1F17033D-A331-4541-B248-04F12A3D4CFD}.Debug|iPhoneSimulator.Build.0 = Debug|iPhoneSimulator
		{1F17033D-A331-4541-B248-04F12A3D4CFD}.Debug|iPhoneSimulator.Deploy.0 = Debug|iPhoneSimulator
		{1F17033D-A331-4541-B248-04F12A3D4CFD}.Debug|x64.ActiveCfg = Debug|iPhone
		{1F17033D-A331-4541-B248-04F12A3D4CFD}.Debug|x64.Build.0 = Debug|iPhone
		{1F17033D-A331-4541-B248-04F12A3D4CFD}.Debug|x64.Deploy.0 = Debug|iPhone
		{1F17033D-A331-4541-B248-04F12A3D4CFD}.Debug|x86.ActiveCfg = Debug|iPhone
		{1F17033D-A331-4541-B248-04F12A3D4CFD}.Debug|x86.Build.0 = Debug|iPhone
		{1F17033D-A331-4541-B248-04F12A3D4CFD}.Debug|x86.Deploy.0 = Debug|iPhone
		{1F17033D-A331-4541-B248-04F12A3D4CFD}.Release|Any CPU.ActiveCfg = Release|iPhone
		{1F17033D-A331-4541-B248-04F12A3D4CFD}.Release|Any CPU.Build.0 = Release|iPhone
		{1F17033D-A331-4541-B248-04F12A3D4CFD}.Release|Any CPU.Deploy.0 = Release|iPhone
		{1F17033D-A331-4541-B248-04F12A3D4CFD}.Release|ARM.ActiveCfg = Release|iPhone
		{1F17033D-A331-4541-B248-04F12A3D4CFD}.Release|ARM.Build.0 = Release|iPhone
		{1F17033D-A331-4541-B248-04F12A3D4CFD}.Release|ARM.Deploy.0 = Release|iPhone
		{1F17033D-A331-4541-B248-04F12A3D4CFD}.Release|iPhone.ActiveCfg = Release|iPhone
		{1F17033D-A331-4541-B248-04F12A3D4CFD}.Release|iPhone.Build.0 = Release|iPhone
		{1F17033D-A331-4541-B248-04F12A3D4CFD}.Release|iPhone.Deploy.0 = Release|iPhone
		{1F17033D-A331-4541-B248-04F12A3D4CFD}.Release|iPhoneSimulator.ActiveCfg = Release|iPhoneSimulator
		{1F17033D-A331-4541-B248-04F12A3D4CFD}.Release|iPhoneSimulator.Build.0 = Release|iPhoneSimulator
		{1F17033D-A331-4541-B248-04F12A3D4CFD}.Release|iPhoneSimulator.Deploy.0 = Release|iPhoneSimulator
		{1F17033D-A331-4541-B248-04F12A3D4CFD}.Release|x64.ActiveCfg = Release|iPhone
		{1F17033D-A331-4541-B248-04F12A3D4CFD}.Release|x64.Build.0 = Release|iPhone
		{1F17033D-A331-4541-B248-04F12A3D4CFD}.Release|x64.Deploy.0 = Release|iPhone
		{1F17033D-A331-4541-B248-04F12A3D4CFD}.Release|x86.ActiveCfg = Release|iPhone
		{1F17033D-A331-4541-B248-04F12A3D4CFD}.Release|x86.Build.0 = Release|iPhone
		{1F17033D-A331-4541-B248-04F12A3D4CFD}.Release|x86.Deploy.0 = Release|iPhone
		{0B195F82-62DC-473C-BF48-A3D4C65CA1C5}.Debug|Any CPU.ActiveCfg = Debug|Any CPU
		{0B195F82-62DC-473C-BF48-A3D4C65CA1C5}.Debug|Any CPU.Build.0 = Debug|Any CPU
		{0B195F82-62DC-473C-BF48-A3D4C65CA1C5}.Debug|Any CPU.Deploy.0 = Debug|Any CPU
		{0B195F82-62DC-473C-BF48-A3D4C65CA1C5}.Debug|ARM.ActiveCfg = Debug|Any CPU
		{0B195F82-62DC-473C-BF48-A3D4C65CA1C5}.Debug|ARM.Build.0 = Debug|Any CPU
		{0B195F82-62DC-473C-BF48-A3D4C65CA1C5}.Debug|ARM.Deploy.0 = Debug|Any CPU
		{0B195F82-62DC-473C-BF48-A3D4C65CA1C5}.Debug|iPhone.ActiveCfg = Debug|Any CPU
		{0B195F82-62DC-473C-BF48-A3D4C65CA1C5}.Debug|iPhone.Build.0 = Debug|Any CPU
		{0B195F82-62DC-473C-BF48-A3D4C65CA1C5}.Debug|iPhone.Deploy.0 = Debug|Any CPU
		{0B195F82-62DC-473C-BF48-A3D4C65CA1C5}.Debug|iPhoneSimulator.ActiveCfg = Debug|Any CPU
		{0B195F82-62DC-473C-BF48-A3D4C65CA1C5}.Debug|iPhoneSimulator.Build.0 = Debug|Any CPU
		{0B195F82-62DC-473C-BF48-A3D4C65CA1C5}.Debug|iPhoneSimulator.Deploy.0 = Debug|Any CPU
		{0B195F82-62DC-473C-BF48-A3D4C65CA1C5}.Debug|x64.ActiveCfg = Debug|Any CPU
		{0B195F82-62DC-473C-BF48-A3D4C65CA1C5}.Debug|x64.Build.0 = Debug|Any CPU
		{0B195F82-62DC-473C-BF48-A3D4C65CA1C5}.Debug|x64.Deploy.0 = Debug|Any CPU
		{0B195F82-62DC-473C-BF48-A3D4C65CA1C5}.Debug|x86.ActiveCfg = Debug|Any CPU
		{0B195F82-62DC-473C-BF48-A3D4C65CA1C5}.Debug|x86.Build.0 = Debug|Any CPU
		{0B195F82-62DC-473C-BF48-A3D4C65CA1C5}.Debug|x86.Deploy.0 = Debug|Any CPU
		{0B195F82-62DC-473C-BF48-A3D4C65CA1C5}.Release|Any CPU.ActiveCfg = Release|Any CPU
		{0B195F82-62DC-473C-BF48-A3D4C65CA1C5}.Release|Any CPU.Build.0 = Release|Any CPU
		{0B195F82-62DC-473C-BF48-A3D4C65CA1C5}.Release|Any CPU.Deploy.0 = Release|Any CPU
		{0B195F82-62DC-473C-BF48-A3D4C65CA1C5}.Release|ARM.ActiveCfg = Release|Any CPU
		{0B195F82-62DC-473C-BF48-A3D4C65CA1C5}.Release|ARM.Build.0 = Release|Any CPU
		{0B195F82-62DC-473C-BF48-A3D4C65CA1C5}.Release|ARM.Deploy.0 = Release|Any CPU
		{0B195F82-62DC-473C-BF48-A3D4C65CA1C5}.Release|iPhone.ActiveCfg = Release|Any CPU
		{0B195F82-62DC-473C-BF48-A3D4C65CA1C5}.Release|iPhone.Build.0 = Release|Any CPU
		{0B195F82-62DC-473C-BF48-A3D4C65CA1C5}.Release|iPhone.Deploy.0 = Release|Any CPU
		{0B195F82-62DC-473C-BF48-A3D4C65CA1C5}.Release|iPhoneSimulator.ActiveCfg = Release|Any CPU
		{0B195F82-62DC-473C-BF48-A3D4C65CA1C5}.Release|iPhoneSimulator.Build.0 = Release|Any CPU
		{0B195F82-62DC-473C-BF48-A3D4C65CA1C5}.Release|iPhoneSimulator.Deploy.0 = Release|Any CPU
		{0B195F82-62DC-473C-BF48-A3D4C65CA1C5}.Release|x64.ActiveCfg = Release|Any CPU
		{0B195F82-62DC-473C-BF48-A3D4C65CA1C5}.Release|x64.Build.0 = Release|Any CPU
		{0B195F82-62DC-473C-BF48-A3D4C65CA1C5}.Release|x64.Deploy.0 = Release|Any CPU
		{0B195F82-62DC-473C-BF48-A3D4C65CA1C5}.Release|x86.ActiveCfg = Release|Any CPU
		{0B195F82-62DC-473C-BF48-A3D4C65CA1C5}.Release|x86.Build.0 = Release|Any CPU
		{0B195F82-62DC-473C-BF48-A3D4C65CA1C5}.Release|x86.Deploy.0 = Release|Any CPU
	EndGlobalSection
	GlobalSection(SolutionProperties) = preSolution
		HideSolutionNode = FALSE
	EndGlobalSection
	GlobalSection(ExtensibilityGlobals) = postSolution
		SolutionGuid = {C1B231D9-E2E5-4206-97E0-72190EFCD898}
	EndGlobalSection
EndGlobal
